
Microsoft Visual Studio Solution File, Format Version 12.00
# Visual Studio 14
VisualStudioVersion = 14.0.25123.0
MinimumVisualStudioVersion = 10.0.40219.1
Project("{2150E333-8FDC-42A3-9474-1A3956D46DE8}") = "0.Database", "0.Database", "{0B9D39F0-426E-4ABB-A01C-4CD626CEE84E}"
	ProjectSection(SolutionItems) = preProject
		Database\NorthwindInit.sql = Database\NorthwindInit.sql
	EndProjectSection
EndProject
Project("{FAE04EC0-301F-11D3-BF4B-00C04F79EFBC}") = "DbUtil", "DbUtil\DbUtil.csproj", "{CAA4A211-CA7D-4E92-A74A-2CD32259A539}"
EndProject
Project("{2150E333-8FDC-42A3-9474-1A3956D46DE8}") = "1.TableDataGateway", "1.TableDataGateway", "{46E5C41F-8CC5-4829-A7CC-932AE6055568}"
EndProject
Project("{FAE04EC0-301F-11D3-BF4B-00C04F79EFBC}") = "SingleTDG", "SingleTDG\SingleTDG.csproj", "{C86330C0-9520-4529-ADA9-6D6FF00345C1}"
EndProject
Project("{FAE04EC0-301F-11D3-BF4B-00C04F79EFBC}") = "SingleTDG.Test", "SingleTDG.Test\SingleTDG.Test.csproj", "{3BC740EE-4253-42D4-B9C8-3B3CD8103A33}"
EndProject
Project("{FAE04EC0-301F-11D3-BF4B-00C04F79EFBC}") = "MultiTDG", "MultiTDG\MultiTDG.csproj", "{98E43D78-F5C0-44E8-80FB-A77B396EEC30}"
EndProject
Project("{FAE04EC0-301F-11D3-BF4B-00C04F79EFBC}") = "DTO", "DTO\DTO.csproj", "{8DD3DFC6-D02F-494A-94FE-AE6779B86601}"
EndProject
Project("{2150E333-8FDC-42A3-9474-1A3956D46DE8}") = "1-1.AllInOneTDG", "1-1.AllInOneTDG", "{E2F18ACB-AED3-4C40-80B9-055CAA2FDB7B}"
EndProject
Project("{2150E333-8FDC-42A3-9474-1A3956D46DE8}") = "1-2.PerTableTDG", "1-2.PerTableTDG", "{FA853316-F288-4D82-88E1-2E28EE6D0325}"
EndProject
Project("{FAE04EC0-301F-11D3-BF4B-00C04F79EFBC}") = "MultiTDG.Test", "MultiTDG.Test\MultiTDG.Test.csproj", "{2F95E1BE-A967-4A11-A142-C2F145C311E8}"
EndProject
Project("{2150E333-8FDC-42A3-9474-1A3956D46DE8}") = "2.RowDataGateway", "2.RowDataGateway", "{A03C69D5-2FE4-454A-8BFC-7932C44ABDE6}"
EndProject
Project("{2150E333-8FDC-42A3-9474-1A3956D46DE8}") = "2-1.SimpleKeyRDG", "2-1.SimpleKeyRDG", "{8B6C777F-277F-4088-8A4E-9607E40F81CA}"
EndProject
Project("{FAE04EC0-301F-11D3-BF4B-00C04F79EFBC}") = "SimpleKeyRDG", "SimpleKeyRDG\SimpleKeyRDG.csproj", "{FD5B2488-889B-42B3-920D-54084F90DB7B}"
EndProject
Project("{FAE04EC0-301F-11D3-BF4B-00C04F79EFBC}") = "SimpleKeyRDG.Test", "SimpleKeyRDG.Test\SimpleKeyRDG.Test.csproj", "{5B59C97D-E791-4C7E-B70F-73F3ACB32FD1}"
EndProject
Project("{2150E333-8FDC-42A3-9474-1A3956D46DE8}") = "2-2.CompoundKeyRDG", "2-2.CompoundKeyRDG", "{9F933821-4515-40F9-B0D4-B0BDCAADFE2C}"
EndProject
Project("{FAE04EC0-301F-11D3-BF4B-00C04F79EFBC}") = "CompoundKeyRDG", "CompoundKeyRDG\CompoundKeyRDG.csproj", "{8EC70171-62F4-4FCA-9D64-A90B4CAB04FB}"
EndProject
Project("{FAE04EC0-301F-11D3-BF4B-00C04F79EFBC}") = "CompoundKeyRDG.Test", "CompoundKeyRDG.Test\CompoundKeyRDG.Test.csproj", "{0B2020CB-A63D-4A89-890E-1F3B655EBBD9}"
EndProject
Global
	GlobalSection(SolutionConfigurationPlatforms) = preSolution
		Debug|Any CPU = Debug|Any CPU
		Release|Any CPU = Release|Any CPU
	EndGlobalSection
	GlobalSection(ProjectConfigurationPlatforms) = postSolution
		{CAA4A211-CA7D-4E92-A74A-2CD32259A539}.Debug|Any CPU.ActiveCfg = Debug|Any CPU
		{CAA4A211-CA7D-4E92-A74A-2CD32259A539}.Debug|Any CPU.Build.0 = Debug|Any CPU
		{CAA4A211-CA7D-4E92-A74A-2CD32259A539}.Release|Any CPU.ActiveCfg = Release|Any CPU
		{CAA4A211-CA7D-4E92-A74A-2CD32259A539}.Release|Any CPU.Build.0 = Release|Any CPU
		{C86330C0-9520-4529-ADA9-6D6FF00345C1}.Debug|Any CPU.ActiveCfg = Debug|Any CPU
		{C86330C0-9520-4529-ADA9-6D6FF00345C1}.Debug|Any CPU.Build.0 = Debug|Any CPU
		{C86330C0-9520-4529-ADA9-6D6FF00345C1}.Release|Any CPU.ActiveCfg = Release|Any CPU
		{C86330C0-9520-4529-ADA9-6D6FF00345C1}.Release|Any CPU.Build.0 = Release|Any CPU
		{3BC740EE-4253-42D4-B9C8-3B3CD8103A33}.Debug|Any CPU.ActiveCfg = Debug|Any CPU
		{3BC740EE-4253-42D4-B9C8-3B3CD8103A33}.Debug|Any CPU.Build.0 = Debug|Any CPU
		{3BC740EE-4253-42D4-B9C8-3B3CD8103A33}.Release|Any CPU.ActiveCfg = Release|Any CPU
		{3BC740EE-4253-42D4-B9C8-3B3CD8103A33}.Release|Any CPU.Build.0 = Release|Any CPU
		{98E43D78-F5C0-44E8-80FB-A77B396EEC30}.Debug|Any CPU.ActiveCfg = Debug|Any CPU
		{98E43D78-F5C0-44E8-80FB-A77B396EEC30}.Debug|Any CPU.Build.0 = Debug|Any CPU
		{98E43D78-F5C0-44E8-80FB-A77B396EEC30}.Release|Any CPU.ActiveCfg = Release|Any CPU
		{98E43D78-F5C0-44E8-80FB-A77B396EEC30}.Release|Any CPU.Build.0 = Release|Any CPU
		{8DD3DFC6-D02F-494A-94FE-AE6779B86601}.Debug|Any CPU.ActiveCfg = Debug|Any CPU
		{8DD3DFC6-D02F-494A-94FE-AE6779B86601}.Debug|Any CPU.Build.0 = Debug|Any CPU
		{8DD3DFC6-D02F-494A-94FE-AE6779B86601}.Release|Any CPU.ActiveCfg = Release|Any CPU
		{8DD3DFC6-D02F-494A-94FE-AE6779B86601}.Release|Any CPU.Build.0 = Release|Any CPU
		{2F95E1BE-A967-4A11-A142-C2F145C311E8}.Debug|Any CPU.ActiveCfg = Debug|Any CPU
		{2F95E1BE-A967-4A11-A142-C2F145C311E8}.Debug|Any CPU.Build.0 = Debug|Any CPU
		{2F95E1BE-A967-4A11-A142-C2F145C311E8}.Release|Any CPU.ActiveCfg = Release|Any CPU
		{2F95E1BE-A967-4A11-A142-C2F145C311E8}.Release|Any CPU.Build.0 = Release|Any CPU
		{FD5B2488-889B-42B3-920D-54084F90DB7B}.Debug|Any CPU.ActiveCfg = Debug|Any CPU
		{FD5B2488-889B-42B3-920D-54084F90DB7B}.Debug|Any CPU.Build.0 = Debug|Any CPU
		{FD5B2488-889B-42B3-920D-54084F90DB7B}.Release|Any CPU.ActiveCfg = Release|Any CPU
		{FD5B2488-889B-42B3-920D-54084F90DB7B}.Release|Any CPU.Build.0 = Release|Any CPU
		{5B59C97D-E791-4C7E-B70F-73F3ACB32FD1}.Debug|Any CPU.ActiveCfg = Debug|Any CPU
		{5B59C97D-E791-4C7E-B70F-73F3ACB32FD1}.Debug|Any CPU.Build.0 = Debug|Any CPU
		{5B59C97D-E791-4C7E-B70F-73F3ACB32FD1}.Release|Any CPU.ActiveCfg = Release|Any CPU
		{5B59C97D-E791-4C7E-B70F-73F3ACB32FD1}.Release|Any CPU.Build.0 = Release|Any CPU
		{8EC70171-62F4-4FCA-9D64-A90B4CAB04FB}.Debug|Any CPU.ActiveCfg = Debug|Any CPU
		{8EC70171-62F4-4FCA-9D64-A90B4CAB04FB}.Debug|Any CPU.Build.0 = Debug|Any CPU
		{8EC70171-62F4-4FCA-9D64-A90B4CAB04FB}.Release|Any CPU.ActiveCfg = Release|Any CPU
		{8EC70171-62F4-4FCA-9D64-A90B4CAB04FB}.Release|Any CPU.Build.0 = Release|Any CPU
		{0B2020CB-A63D-4A89-890E-1F3B655EBBD9}.Debug|Any CPU.ActiveCfg = Debug|Any CPU
		{0B2020CB-A63D-4A89-890E-1F3B655EBBD9}.Debug|Any CPU.Build.0 = Debug|Any CPU
		{0B2020CB-A63D-4A89-890E-1F3B655EBBD9}.Release|Any CPU.ActiveCfg = Release|Any CPU
		{0B2020CB-A63D-4A89-890E-1F3B655EBBD9}.Release|Any CPU.Build.0 = Release|Any CPU
	EndGlobalSection
	GlobalSection(SolutionProperties) = preSolution
		HideSolutionNode = FALSE
	EndGlobalSection
	GlobalSection(NestedProjects) = preSolution
		{CAA4A211-CA7D-4E92-A74A-2CD32259A539} = {0B9D39F0-426E-4ABB-A01C-4CD626CEE84E}
		{C86330C0-9520-4529-ADA9-6D6FF00345C1} = {E2F18ACB-AED3-4C40-80B9-055CAA2FDB7B}
		{3BC740EE-4253-42D4-B9C8-3B3CD8103A33} = {E2F18ACB-AED3-4C40-80B9-055CAA2FDB7B}
		{98E43D78-F5C0-44E8-80FB-A77B396EEC30} = {FA853316-F288-4D82-88E1-2E28EE6D0325}
		{8DD3DFC6-D02F-494A-94FE-AE6779B86601} = {46E5C41F-8CC5-4829-A7CC-932AE6055568}
		{E2F18ACB-AED3-4C40-80B9-055CAA2FDB7B} = {46E5C41F-8CC5-4829-A7CC-932AE6055568}
		{FA853316-F288-4D82-88E1-2E28EE6D0325} = {46E5C41F-8CC5-4829-A7CC-932AE6055568}
		{2F95E1BE-A967-4A11-A142-C2F145C311E8} = {FA853316-F288-4D82-88E1-2E28EE6D0325}
		{8B6C777F-277F-4088-8A4E-9607E40F81CA} = {A03C69D5-2FE4-454A-8BFC-7932C44ABDE6}
		{FD5B2488-889B-42B3-920D-54084F90DB7B} = {8B6C777F-277F-4088-8A4E-9607E40F81CA}
		{5B59C97D-E791-4C7E-B70F-73F3ACB32FD1} = {8B6C777F-277F-4088-8A4E-9607E40F81CA}
		{9F933821-4515-40F9-B0D4-B0BDCAADFE2C} = {A03C69D5-2FE4-454A-8BFC-7932C44ABDE6}
		{8EC70171-62F4-4FCA-9D64-A90B4CAB04FB} = {9F933821-4515-40F9-B0D4-B0BDCAADFE2C}
		{0B2020CB-A63D-4A89-890E-1F3B655EBBD9} = {9F933821-4515-40F9-B0D4-B0BDCAADFE2C}
	EndGlobalSection
EndGlobal
